
Microsoft Visual Studio Solution File, Format Version 12.00
# Visual Studio Version 17
VisualStudioVersion = 17.14.37628.2 d17.14
MinimumVisualStudioVersion = 10.0.40219.1
Project("{FAE04EC0-301F-11D3-BF4B-00C04F79EFBC}") = "Server.Api", "Server.Api\Server.Api.csproj", "{5F611713-80BD-4C85-8594-CEC90B19DC67}"
EndProject
Project("{FAE04EC0-301F-11D3-BF4B-00C04F79EFBC}") = "Server.Domain", "Server.Domain\Server.Domain.csproj", "{F252BA51-5B96-439D-AF5B-1B6B6DD74775}"
EndProject
Project("{FAE04EC0-301F-11D3-BF4B-00C04F79EFBC}") = "Server.Infrastructure", "Server.Infrastructure\Server.Infrastructure.csproj", "{5AFF84C8-3ECB-4908-A8EB-6150A7160BF0}"
EndProject
Global
	GlobalSection(SolutionConfigurationPlatforms) = preSolution
		Debug|Any CPU = Debug|Any CPU
		Release|Any CPU = Release|Any CPU
	EndGlobalSection
	GlobalSection(ProjectConfigurationPlatforms) = postSolution
		{5F611713-80BD-4C85-8594-CEC90B19DC67}.Debug|Any CPU.ActiveCfg = Debug|Any CPU
		{5F611713-80BD-4C85-8594-CEC90B19DC67}.Debug|Any CPU.Build.0 = Debug|Any CPU
		{5F611713-80BD-4C85-8594-CEC90B19DC67}.Release|Any CPU.ActiveCfg = Release|Any CPU
		{5F611713-80BD-4C85-8594-CEC90B19DC67}.Release|Any CPU.Build.0 = Release|Any CPU
		{F252BA51-5B96-439D-AF5B-1B6B6DD74775}.Debug|Any CPU.ActiveCfg = Debug|Any CPU
		{F252BA51-5B96-439D-AF5B-1B6B6DD74775}.Debug|Any CPU.Build.0 = Debug|Any CPU
		{F252BA51-5B96-439D-AF5B-1B6B6DD74775}.Release|Any CPU.ActiveCfg = Release|Any CPU
		{F252BA51-5B96-439D-AF5B-1B6B6DD74775}.Release|Any CPU.Build.0 = Release|Any CPU
		{5AFF84C8-3ECB-4908-A8EB-6150A7160BF0}.Debug|Any CPU.ActiveCfg = Debug|Any CPU
		{5AFF84C8-3ECB-4908-A8EB-6150A7160BF0}.Debug|Any CPU.Build.0 = Debug|Any CPU
		{5AFF84C8-3ECB-4908-A8EB-6150A7160BF0}.Release|Any CPU.ActiveCfg = Release|Any CPU
		{5AFF84C8-3ECB-4908-A8EB-6150A7160BF0}.Release|Any CPU.Build.0 = Release|Any CPU
	EndGlobalSection
	GlobalSection(SolutionProperties) = preSolution
		HideSolutionNode = FALSE
	EndGlobalSection
	GlobalSection(ExtensibilityGlobals) = postSolution
		SolutionGuid = {DBAC2BAA-A692-4AED-83E2-0BE64A9A64F3}
	EndGlobalSection
EndGlobal
